
Microsoft Visual Studio Solution File, Format Version 12.00
# Visual Studio Version 16
VisualStudioVersion = 16.0.31829.152
MinimumVisualStudioVersion = 10.0.40219.1
Project("{9A19103F-16F7-4668-BE54-9A1E7A4F7556}") = "Assembly-CSharp.TasInfo.mm", "Assembly-CSharp.TasInfo.mm.csproj", "{45699EED-E8CE-4B17-9B91-CB721B84D493}"
EndProject
Global
	GlobalSection(SolutionConfigurationPlatforms) = preSolution
		v1028_Krythom|Any CPU = v1028_Krythom|Any CPU
		v1028|Any CPU = v1028|Any CPU
		v1221|Any CPU = v1221|Any CPU
		v1432|Any CPU = v1432|Any CPU
		v1575|Any CPU = v1575|Any CPU
		v1578|Any CPU = v1578|Any CPU
	EndGlobalSection
	GlobalSection(ProjectConfigurationPlatforms) = postSolution
		{45699EED-E8CE-4B17-9B91-CB721B84D493}.v1028_Krythom|Any CPU.ActiveCfg = v1028_Krythom|Any CPU
		{45699EED-E8CE-4B17-9B91-CB721B84D493}.v1028_Krythom|Any CPU.Build.0 = v1028_Krythom|Any CPU
		{45699EED-E8CE-4B17-9B91-CB721B84D493}.v1028|Any CPU.ActiveCfg = v1028|Any CPU
		{45699EED-E8CE-4B17-9B91-CB721B84D493}.v1028|Any CPU.Build.0 = v1028|Any CPU
		{45699EED-E8CE-4B17-9B91-CB721B84D493}.v1221|Any CPU.ActiveCfg = v1221|Any CPU
		{45699EED-E8CE-4B17-9B91-CB721B84D493}.v1221|Any CPU.Build.0 = v1221|Any CPU
		{45699EED-E8CE-4B17-9B91-CB721B84D493}.v1432|Any CPU.ActiveCfg = v1432|Any CPU
		{45699EED-E8CE-4B17-9B91-CB721B84D493}.v1432|Any CPU.Build.0 = v1432|Any CPU
		{45699EED-E8CE-4B17-9B91-CB721B84D493}.v1575|Any CPU.ActiveCfg = v1575|Any CPU
		{45699EED-E8CE-4B17-9B91-CB721B84D493}.v1575|Any CPU.Build.0 = v1575|Any CPU
		{45699EED-E8CE-4B17-9B91-CB721B84D493}.v1578|Any CPU.ActiveCfg = v1578|Any CPU
		{45699EED-E8CE-4B17-9B91-CB721B84D493}.v1578|Any CPU.Build.0 = v1578|Any CPU
	EndGlobalSection
	GlobalSection(SolutionProperties) = preSolution
		HideSolutionNode = FALSE
	EndGlobalSection
	GlobalSection(ExtensibilityGlobals) = postSolution
		SolutionGuid = {0B679C27-53ED-4A7C-9D22-3546C525C551}
	EndGlobalSection
EndGlobal